{
  "nodes": {
    "avante-nvim": {
      "flake": false,
      "locked": {
        "lastModified": 1782262265,
        "narHash": "sha256-sNCQ/0Gn9dLTp2PA67KMZW/ytj/YNUoZTNqyPXVhcN8=",
        "owner": "yetone",
        "repo": "avante.nvim",
        "rev": "90a0e77c63251c367935caeaa0070670522c960b",
        "type": "github"
      },
      "original": {
        "owner": "yetone",
        "repo": "avante.nvim",
        "type": "github"
      }
    },
    "flake-parts": {
      "inputs": {
        "nixpkgs-lib": [
          "nixpkgs"
        ]
      },
      "locked": {
        "lastModified": 1778716662,
        "narHash": "sha256-m1Yf0wZ8j1OHjTc2UwHwyQRSnNeSgLJOd7q5Y45hzi4=",
        "owner": "hercules-ci",
        "repo": "flake-parts",
        "rev": "f7c1a2d347e4c52d5fb8d10cb4d94b5884e546fb",
        "type": "github"
      },
      "original": {
        "owner": "hercules-ci",
        "repo": "flake-parts",
        "type": "github"
      }
    },
    "nixpkgs": {
      "locked": {
        "lastModified": 1782760764,
        "narHash": "sha256-N66fYdUuZ9hpdM7jsQ7CUWtLJduqGDyTGCaLR62CXaQ=",
        "owner": "nixos",
        "repo": "nixpkgs",
        "rev": "7a1a64774a5fd0b0cd39ac95d0e170ace8b266a0",
        "type": "github"
      },
      "original": {
        "owner": "nixos",
        "ref": "nixpkgs-unstable",
        "repo": "nixpkgs",
        "type": "github"
      }
    },
    "nixpkgs-master": {
      "locked": {
        "lastModified": 1782866502,
        "narHash": "sha256-95dDlyEOA6auK4ZPMPlo4xwBDNppWZOmv28kQzeJ/Go=",
        "owner": "nixos",
        "repo": "nixpkgs",
        "rev": "5bb269961be47a31475c9485ad83f0bbb1b5f368",
        "type": "github"
      },
      "original": {
        "owner": "nixos",
        "repo": "nixpkgs",
        "type": "github"
      }
    },
    "nixvim": {
      "inputs": {
        "flake-parts": [
          "flake-parts"
        ],
        "nixpkgs": [
          "nixpkgs"
        ],
        "systems": "systems"
      },
      "locked": {
        "lastModified": 1782864796,
        "narHash": "sha256-GNLI7Iy11J4fOqSv6LCvxV8TyTTDX3waeaDzF59Q2ig=",
        "owner": "nix-community",
        "repo": "nixvim",
        "rev": "cc3b773a7a4f76b9c6c03e3547b059e976159bdf",
        "type": "github"
      },
      "original": {
        "owner": "nix-community",
        "repo": "nixvim",
        "type": "github"
      }
    },
    "pkgs-by-name-for-flake-parts": {
      "locked": {
        "lastModified": 1769286518,
        "narHash": "sha256-F7VlUICvYp2wJKyQqM6d46BNEZCzMQ6dMH9zbmjuybc=",
        "owner": "drupol",
        "repo": "pkgs-by-name-for-flake-parts",
        "rev": "7ba1cd4a9a72c9c6c272018a63f090f2c912a171",
        "type": "github"
      },
      "original": {
        "owner": "drupol",
        "repo": "pkgs-by-name-for-flake-parts",
        "type": "github"
      }
    },
    "root": {
      "inputs": {
        "avante-nvim": "avante-nvim",
        "flake-parts": "flake-parts",
        "nixpkgs": "nixpkgs",
        "nixpkgs-master": "nixpkgs-master",
        "nixvim": "nixvim",
        "pkgs-by-name-for-flake-parts": "pkgs-by-name-for-flake-parts",
        "snacks-nvim": "snacks-nvim"
      }
    },
    "snacks-nvim": {
      "flake": false,
      "locked": {
        "lastModified": 1779727538,
        "narHash": "sha256-gU0XjCcnmZNwZ/erukA8miBiMKaSsSiInLtiv+OyEJI=",
        "owner": "folke",
        "repo": "snacks.nvim",
        "rev": "882c996cf28183f4d63640de0b4c02ec886d01f2",
        "type": "github"
      },
      "original": {
        "owner": "folke",
        "repo": "snacks.nvim",
        "type": "github"
      }
    },
    "systems": {
      "locked": {
        "lastModified": 1774449309,
        "narHash": "sha256-brhZ8DmuGtzkCYHJg4HEd602amKm89Y9ytsFZ5uWD1w=",
        "owner": "nix-systems",
        "repo": "default",
        "rev": "c29398b59d2048c4ab79345812849c9bd15e9150",
        "type": "github"
      },
      "original": {
        "owner": "nix-systems",
        "ref": "future-26.11",
        "repo": "default",
        "type": "github"
      }
    }
  },
  "root": "root",
  "version": 7
}
