{
  "nodes": {
    "avante-nvim": {
      "flake": false,
      "locked": {
        "lastModified": 1791318803,
        "narHash": "sha256-l5oWo5cclHk6BjDJoQBBdEyEzF3DwNVN8PKvnmypvqo=",
        "owner": "yetone",
        "repo": "avante.nvim",
        "rev": "4f49656657d0e1b55a03c23510ccc1ef1eeaa9e9",
        "type": "github"
      },
      "original": {
        "owner": "yetone",
        "repo": "avante.nvim",
        "type": "github"
      }
    },
    "flake-parts": {
      "inputs": {
        "nixpkgs-lib": [
          "nixpkgs"
        ]
      },
      "locked": {
        "lastModified": 1790898470,
        "narHash": "sha256-zTwuwezD0w3hpga6a6P8emidzAZFyWqlNeRBlpWOOl8=",
        "owner": "hercules-ci",
        "repo": "flake-parts",
        "rev": "024633cd702b10285db5cb19b40ad48d2399ba60",
        "type": "github"
      },
      "original": {
        "owner": "hercules-ci",
        "repo": "flake-parts",
        "type": "github"
      }
    },
    "nixpkgs": {
      "locked": {
        "lastModified": 1791366222,
        "narHash": "sha256-o0N4g6uSOIppU7CGToNvGlMf5vC+B6O6ukFHKY/TKOY=",
        "owner": "nixos",
        "repo": "nixpkgs",
        "rev": "39ad350a0602fa0a58a544344e3e9187526ea45c",
        "type": "github"
      },
      "original": {
        "owner": "nixos",
        "ref": "nixpkgs-unstable",
        "repo": "nixpkgs",
        "type": "github"
      }
    },
    "nixpkgs-master": {
      "locked": {
        "lastModified": 1791591254,
        "narHash": "sha256-k7PX813MRP0RNhRRp870L0v6k5iEC5hIaBLD0T7sA+o=",
        "owner": "nixos",
        "repo": "nixpkgs",
        "rev": "6d6bb4bda01debdcf02e16fb571a212e405426d7",
        "type": "github"
      },
      "original": {
        "owner": "nixos",
        "repo": "nixpkgs",
        "type": "github"
      }
    },
    "nixvim": {
      "inputs": {
        "flake-parts": [
          "flake-parts"
        ],
        "nixpkgs": [
          "nixpkgs"
        ],
        "systems": "systems"
      },
      "locked": {
        "lastModified": 1791574898,
        "narHash": "sha256-hZbiKS5wzcqoKR0xwzxhJAyp1JuTL2CloYON040FJNk=",
        "owner": "nix-community",
        "repo": "nixvim",
        "rev": "2c6d56d2df7c159ef629871cfd673de237e1fc38",
        "type": "github"
      },
      "original": {
        "owner": "nix-community",
        "repo": "nixvim",
        "type": "github"
      }
    },
    "pkgs-by-name-for-flake-parts": {
      "locked": {
        "lastModified": 1789628227,
        "narHash": "sha256-PC+g00FlwHgA/MyejBAEtQLRnrZLiA/Eo7i0rEkZ7bE=",
        "owner": "drupol",
        "repo": "pkgs-by-name-for-flake-parts",
        "rev": "da796090e8b34326a4aaf0c173df514f135b3907",
        "type": "github"
      },
      "original": {
        "owner": "drupol",
        "repo": "pkgs-by-name-for-flake-parts",
        "type": "github"
      }
    },
    "root": {
      "inputs": {
        "avante-nvim": "avante-nvim",
        "flake-parts": "flake-parts",
        "nixpkgs": "nixpkgs",
        "nixpkgs-master": "nixpkgs-master",
        "nixvim": "nixvim",
        "pkgs-by-name-for-flake-parts": "pkgs-by-name-for-flake-parts",
        "snacks-nvim": "snacks-nvim"
      }
    },
    "snacks-nvim": {
      "flake": false,
      "locked": {
        "lastModified": 1779727538,
        "narHash": "sha256-gU0XjCcnmZNwZ/erukA8miBiMKaSsSiInLtiv+OyEJI=",
        "owner": "folke",
        "repo": "snacks.nvim",
        "rev": "882c996cf28183f4d63640de0b4c02ec886d01f2",
        "type": "github"
      },
      "original": {
        "owner": "folke",
        "repo": "snacks.nvim",
        "type": "github"
      }
    },
    "systems": {
      "flake": false,
      "locked": {
        "lastModified": 1791244623,
        "narHash": "sha256-uuanbkFk8a313Zfrxdcz8Us/yQtaxNnKJtX8v0ZPpd8=",
        "owner": "nix-systems",
        "repo": "default",
        "rev": "d36eeed142f88b5a636f2e3856a53c61654cf29b",
        "type": "github"
      },
      "original": {
        "owner": "nix-systems",
        "ref": "future-26.11",
        "repo": "default",
        "type": "github"
      }
    }
  },
  "root": "root",
  "version": 7
}
